
Microsoft Visual Studio Solution File, Format Version 12.00
# Visual Studio 14
VisualStudioVersion = 14.0.25420.1
MinimumVisualStudioVersion = 10.0.40219.1
Project("{FAE04EC0-301F-11D3-BF4B-00C04F79EFBC}") = "SuperAdventure", "SuperAdventure\SuperAdventure.csproj", "{B8B33DF6-DEDD-455F-81CD-56EA7F2BC0C9}"
EndProject
Project("{FAE04EC0-301F-11D3-BF4B-00C04F79EFBC}") = "Engine", "Engine\Engine.csproj", "{70732D3A-D162-482E-BA1D-80D38C5854CA}"
EndProject
Global
	GlobalSection(SolutionConfigurationPlatforms) = preSolution
		Debug|Any CPU = Debug|Any CPU
		Release|Any CPU = Release|Any CPU
	EndGlobalSection
	GlobalSection(ProjectConfigurationPlatforms) = postSolution
		{B8B33DF6-DEDD-455F-81CD-56EA7F2BC0C9}.Debug|Any CPU.ActiveCfg = Debug|Any CPU
		{B8B33DF6-DEDD-455F-81CD-56EA7F2BC0C9}.Debug|Any CPU.Build.0 = Debug|Any CPU
		{B8B33DF6-DEDD-455F-81CD-56EA7F2BC0C9}.Release|Any CPU.ActiveCfg = Release|Any CPU
		{B8B33DF6-DEDD-455F-81CD-56EA7F2BC0C9}.Release|Any CPU.Build.0 = Release|Any CPU
		{70732D3A-D162-482E-BA1D-80D38C5854CA}.Debug|Any CPU.ActiveCfg = Debug|Any CPU
		{70732D3A-D162-482E-BA1D-80D38C5854CA}.Debug|Any CPU.Build.0 = Debug|Any CPU
		{70732D3A-D162-482E-BA1D-80D38C5854CA}.Release|Any CPU.ActiveCfg = Release|Any CPU
		{70732D3A-D162-482E-BA1D-80D38C5854CA}.Release|Any CPU.Build.0 = Release|Any CPU
	EndGlobalSection
	GlobalSection(SolutionProperties) = preSolution
		HideSolutionNode = FALSE
	EndGlobalSection
EndGlobal
